PODS:
  - Flutter (1.0.0)
  - flutter_image_crop_plugin (1.1.3):
    - Flutter

DEPENDENCIES:
  - Flutter (from `.symlinks/flutter/ios`)
  - flutter_image_crop_plugin (from `.symlinks/plugins/flutter_image_crop_plugin/ios`)

EXTERNAL SOURCES:
  Flutter:
    :path: ".symlinks/flutter/ios"
  flutter_image_crop_plugin:
    :path: ".symlinks/plugins/flutter_image_crop_plugin/ios"

SPEC CHECKSUMS:
  Flutter: 0e3d915762c693b495b44d77113d4970485de6ec
  flutter_image_crop_plugin: 06184f6655bdc8f4f07ad24ef9efeece0c3d79bd

PODFILE CHECKSUM: 3d66ef87702a3c4827cff18194ccc1e2d45f062f

COCOAPODS: 1.8.4
