PODS:
  - Flutter (1.0.0)
  - flutter_image_crop_plugin (1.1.1):
    - Flutter

DEPENDENCIES:
  - Flutter (from `.symlinks/flutter/ios`)
  - flutter_image_crop_plugin (from `.symlinks/plugins/flutter_image_crop_plugin/ios`)

EXTERNAL SOURCES:
  Flutter:
    :path: ".symlinks/flutter/ios"
  flutter_image_crop_plugin:
    :path: ".symlinks/plugins/flutter_image_crop_plugin/ios"

SPEC CHECKSUMS:
  Flutter: 0e3d915762c693b495b44d77113d4970485de6ec
  flutter_image_crop_plugin: 871a4d77d4c968f199c444bfa0d6c3f504dfee27

PODFILE CHECKSUM: 4a74498581ba354bba5bbce6be6afb9eb9cb9c22

COCOAPODS: 1.8.4
