PODS:
  - Flutter (1.0.0)
  - flutter_image_crop_plugin (1.0.9):
    - Flutter

DEPENDENCIES:
  - Flutter (from `.symlinks/flutter/ios`)
  - flutter_image_crop_plugin (from `.symlinks/plugins/flutter_image_crop_plugin/ios`)

EXTERNAL SOURCES:
  Flutter:
    :path: ".symlinks/flutter/ios"
  flutter_image_crop_plugin:
    :path: ".symlinks/plugins/flutter_image_crop_plugin/ios"

SPEC CHECKSUMS:
  Flutter: 0e3d915762c693b495b44d77113d4970485de6ec
  flutter_image_crop_plugin: c395fc148b8306cb04768c138f99bda60bd9c4f3

PODFILE CHECKSUM: 4a74498581ba354bba5bbce6be6afb9eb9cb9c22

COCOAPODS: 1.8.4
